{
  "name": "fable-ous",
  "version": "0.2.7",
  "lockfileVersion": 3,
  "requires": true,
  "packages": {
    "": {
      "name": "fable-ous",
      "version": "0.2.7",
      "license": "MIT",
      "bin": {
        "fable-ous": "bin/fable-ous.mjs"
      },
      "engines": {
        "node": ">=18"
      }
    }
  }
}
